
Microsoft Visual Studio Solution File, Format Version 12.00
# Visual Studio 14
VisualStudioVersion = 14.0.25420.1
MinimumVisualStudioVersion = 10.0.40219.1
Project("{FAE04EC0-301F-11D3-BF4B-00C04F79EFBC}") = "ServiceBooking.WEB", "ServiceBooking.WEB\ServiceBooking.WEB.csproj", "{29541E99-755E-4A86-844F-3ECF6DBB4F37}"
EndProject
Project("{FAE04EC0-301F-11D3-BF4B-00C04F79EFBC}") = "ServiceBooking.BLL", "ServiceBooking.BLL\ServiceBooking.BLL.csproj", "{89D97CBD-C251-4A87-B3B0-5EE6580A252A}"
EndProject
Project("{FAE04EC0-301F-11D3-BF4B-00C04F79EFBC}") = "ServiceBooking.DAL", "ServiceBooking.DAL\ServiceBooking.DAL.csproj", "{95702D8D-7747-44E1-BF24-AB7A5D383731}"
EndProject
Project("{FAE04EC0-301F-11D3-BF4B-00C04F79EFBC}") = "ServiceBooking.Util", "ServiceBooking.Util\ServiceBooking.Util.csproj", "{10102C2F-116E-4FB9-9F75-BE26F2A279AA}"
EndProject
Project("{FAE04EC0-301F-11D3-BF4B-00C04F79EFBC}") = "ServiceBooking.DAL.Interfaces", "ServiceBooking.DAL.Interfaces\ServiceBooking.DAL.Interfaces.csproj", "{5CB63B6F-435C-4067-89F9-05271411079E}"
EndProject
Project("{FAE04EC0-301F-11D3-BF4B-00C04F79EFBC}") = "ServiceBooking.BLL.Interfaces", "ServiceBooking.BLL.Interfaces\ServiceBooking.BLL.Interfaces.csproj", "{F2625656-4E24-4A4C-B5D5-5CBF2DEEF162}"
EndProject
Project("{FAE04EC0-301F-11D3-BF4B-00C04F79EFBC}") = "ServiceBooking.BLL.Data", "ServiceBooking.BLL.Data\ServiceBooking.BLL.Data.csproj", "{A531AAD7-A50A-47C9-9B86-5ADA19068280}"
EndProject
Global
	GlobalSection(SolutionConfigurationPlatforms) = preSolution
		Debug|Any CPU = Debug|Any CPU
		Release|Any CPU = Release|Any CPU
	EndGlobalSection
	GlobalSection(ProjectConfigurationPlatforms) = postSolution
		{29541E99-755E-4A86-844F-3ECF6DBB4F37}.Debug|Any CPU.ActiveCfg = Debug|Any CPU
		{29541E99-755E-4A86-844F-3ECF6DBB4F37}.Debug|Any CPU.Build.0 = Debug|Any CPU
		{29541E99-755E-4A86-844F-3ECF6DBB4F37}.Release|Any CPU.ActiveCfg = Release|Any CPU
		{29541E99-755E-4A86-844F-3ECF6DBB4F37}.Release|Any CPU.Build.0 = Release|Any CPU
		{89D97CBD-C251-4A87-B3B0-5EE6580A252A}.Debug|Any CPU.ActiveCfg = Debug|Any CPU
		{89D97CBD-C251-4A87-B3B0-5EE6580A252A}.Debug|Any CPU.Build.0 = Debug|Any CPU
		{89D97CBD-C251-4A87-B3B0-5EE6580A252A}.Release|Any CPU.ActiveCfg = Release|Any CPU
		{89D97CBD-C251-4A87-B3B0-5EE6580A252A}.Release|Any CPU.Build.0 = Release|Any CPU
		{95702D8D-7747-44E1-BF24-AB7A5D383731}.Debug|Any CPU.ActiveCfg = Debug|Any CPU
		{95702D8D-7747-44E1-BF24-AB7A5D383731}.Debug|Any CPU.Build.0 = Debug|Any CPU
		{95702D8D-7747-44E1-BF24-AB7A5D383731}.Release|Any CPU.ActiveCfg = Release|Any CPU
		{95702D8D-7747-44E1-BF24-AB7A5D383731}.Release|Any CPU.Build.0 = Release|Any CPU
		{10102C2F-116E-4FB9-9F75-BE26F2A279AA}.Debug|Any CPU.ActiveCfg = Debug|Any CPU
		{10102C2F-116E-4FB9-9F75-BE26F2A279AA}.Debug|Any CPU.Build.0 = Debug|Any CPU
		{10102C2F-116E-4FB9-9F75-BE26F2A279AA}.Release|Any CPU.ActiveCfg = Release|Any CPU
		{10102C2F-116E-4FB9-9F75-BE26F2A279AA}.Release|Any CPU.Build.0 = Release|Any CPU
		{5CB63B6F-435C-4067-89F9-05271411079E}.Debug|Any CPU.ActiveCfg = Debug|Any CPU
		{5CB63B6F-435C-4067-89F9-05271411079E}.Debug|Any CPU.Build.0 = Debug|Any CPU
		{5CB63B6F-435C-4067-89F9-05271411079E}.Release|Any CPU.ActiveCfg = Release|Any CPU
		{5CB63B6F-435C-4067-89F9-05271411079E}.Release|Any CPU.Build.0 = Release|Any CPU
		{F2625656-4E24-4A4C-B5D5-5CBF2DEEF162}.Debug|Any CPU.ActiveCfg = Debug|Any CPU
		{F2625656-4E24-4A4C-B5D5-5CBF2DEEF162}.Debug|Any CPU.Build.0 = Debug|Any CPU
		{F2625656-4E24-4A4C-B5D5-5CBF2DEEF162}.Release|Any CPU.ActiveCfg = Release|Any CPU
		{F2625656-4E24-4A4C-B5D5-5CBF2DEEF162}.Release|Any CPU.Build.0 = Release|Any CPU
		{A531AAD7-A50A-47C9-9B86-5ADA19068280}.Debug|Any CPU.ActiveCfg = Debug|Any CPU
		{A531AAD7-A50A-47C9-9B86-5ADA19068280}.Debug|Any CPU.Build.0 = Debug|Any CPU
		{A531AAD7-A50A-47C9-9B86-5ADA19068280}.Release|Any CPU.ActiveCfg = Release|Any CPU
		{A531AAD7-A50A-47C9-9B86-5ADA19068280}.Release|Any CPU.Build.0 = Release|Any CPU
	EndGlobalSection
	GlobalSection(SolutionProperties) = preSolution
		HideSolutionNode = FALSE
	EndGlobalSection
EndGlobal
